
Microsoft Visual Studio Solution File, Format Version 12.00
# Visual Studio 15
Project("{FAE04EC0-301F-11D3-BF4B-00C04F79EFBC}") = "Assembly-CSharp", "Assembly-CSharp.csproj", "{BF39C2D6-B708-97D4-0760-D91BB5E0DD79}"
EndProject
Project("{FAE04EC0-301F-11D3-BF4B-00C04F79EFBC}") = "Assembly-CSharp-Editor", "Assembly-CSharp-Editor.csproj", "{11037913-1970-76C1-5F5F-82DDF0381DE9}"
EndProject
Global
	GlobalSection(SolutionConfigurationPlatforms) = preSolution
		Debug|Any CPU = Debug|Any CPU
		Release|Any CPU = Release|Any CPU
	EndGlobalSection
	GlobalSection(ProjectConfigurationPlatforms) = postSolution
		{BF39C2D6-B708-97D4-0760-D91BB5E0DD79}.Debug|Any CPU.ActiveCfg = Debug|Any CPU
		{BF39C2D6-B708-97D4-0760-D91BB5E0DD79}.Debug|Any CPU.Build.0 = Debug|Any CPU
		{BF39C2D6-B708-97D4-0760-D91BB5E0DD79}.Release|Any CPU.ActiveCfg = Release|Any CPU
		{BF39C2D6-B708-97D4-0760-D91BB5E0DD79}.Release|Any CPU.Build.0 = Release|Any CPU
		{11037913-1970-76C1-5F5F-82DDF0381DE9}.Debug|Any CPU.ActiveCfg = Debug|Any CPU
		{11037913-1970-76C1-5F5F-82DDF0381DE9}.Debug|Any CPU.Build.0 = Debug|Any CPU
		{11037913-1970-76C1-5F5F-82DDF0381DE9}.Release|Any CPU.ActiveCfg = Release|Any CPU
		{11037913-1970-76C1-5F5F-82DDF0381DE9}.Release|Any CPU.Build.0 = Release|Any CPU
	EndGlobalSection
	GlobalSection(SolutionProperties) = preSolution
		HideSolutionNode = FALSE
	EndGlobalSection
EndGlobal
